
Microsoft Visual Studio Solution File, Format Version 12.00
# Visual Studio Version 16
VisualStudioVersion = 16.0.29411.108
MinimumVisualStudioVersion = 10.0.40219.1
Project("{FAE04EC0-301F-11D3-BF4B-00C04F79EFBC}") = "ProyectoAdo", "ProyectoAdo\ProyectoAdo.csproj", "{CEEFD5EE-EDB6-46C0-B393-9A9A7D230017}"
EndProject
Global
	GlobalSection(SolutionConfigurationPlatforms) = preSolution
		Debug|Any CPU = Debug|Any CPU
		Release|Any CPU = Release|Any CPU
	EndGlobalSection
	GlobalSection(ProjectConfigurationPlatforms) = postSolution
		{CEEFD5EE-EDB6-46C0-B393-9A9A7D230017}.Debug|Any CPU.ActiveCfg = Debug|Any CPU
		{CEEFD5EE-EDB6-46C0-B393-9A9A7D230017}.Debug|Any CPU.Build.0 = Debug|Any CPU
		{CEEFD5EE-EDB6-46C0-B393-9A9A7D230017}.Release|Any CPU.ActiveCfg = Release|Any CPU
		{CEEFD5EE-EDB6-46C0-B393-9A9A7D230017}.Release|Any CPU.Build.0 = Release|Any CPU
	EndGlobalSection
	GlobalSection(SolutionProperties) = preSolution
		HideSolutionNode = FALSE
	EndGlobalSection
	GlobalSection(ExtensibilityGlobals) = postSolution
		SolutionGuid = {E68B00D9-215B-4204-B3E1-4EDABF0737E3}
	EndGlobalSection
EndGlobal
